[[package]]
name = "asgiref"
version = "3.8.1"
description = "ASGI specs, helper code, and adapters"
category = "main"
optional = false
python-versions = ">=3.8"

[package.dependencies]
typing-extensions = {version = ">=4", markers = "python_version < \"3.11\""}

[package.extras]
tests = ["pytest", "pytest-asyncio", "mypy (>=0.800)"]

[[package]]
name = "attrs"
version = "24.2.0"
description = "Classes Without Boilerplate"
category = "main"
optional = false
python-versions = ">=3.7"

[package.extras]
benchmark = ["cloudpickle", "hypothesis", "mypy (>=1.11.1)", "pympler", "pytest-codspeed", "pytest-mypy-plugins", "pytest-xdist", "pytest (>=4.3.0)"]
cov = ["cloudpickle", "coverage[toml] (>=5.3)", "hypothesis", "mypy (>=1.11.1)", "pympler", "pytest-mypy-plugins", "pytest-xdist", "pytest (>=4.3.0)"]
dev = ["cloudpickle", "hypothesis", "mypy (>=1.11.1)", "pre-commit", "pympler", "pytest-mypy-plugins", "pytest-xdist", "pytest (>=4.3.0)"]
docs = ["cogapp", "furo", "myst-parser", "sphinx", "sphinx-notfound-page", "sphinxcontrib-towncrier", "towncrier (<24.7)"]
tests = ["cloudpickle", "hypothesis", "mypy (>=1.11.1)", "pympler", "pytest-mypy-plugins", "pytest-xdist", "pytest (>=4.3.0)"]
tests-mypy = ["mypy (>=1.11.1)", "pytest-mypy-plugins"]

[[package]]
name = "authlib"
version = "1.3.2"
description = "The ultimate Python library in building OAuth and OpenID Connect servers and clients."
category = "main"
optional = false
python-versions = ">=3.8"

[package.dependencies]
cryptography = "*"

[[package]]
name = "babel"
version = "2.16.0"
description = "Internationalization utilities"
category = "main"
optional = false
python-versions = ">=3.8"

[package.extras]
dev = ["pytest (>=6.0)", "pytest-cov", "freezegun (>=1.0,<2.0)"]

[[package]]
name = "certifi"
version = "2024.8.30"
description = "Python package for providing Mozilla's CA Bundle."
category = "main"
optional = false
python-versions = ">=3.6"

[[package]]
name = "cffi"
version = "1.17.1"
description = "Foreign Function Interface for Python calling C code."
category = "main"
optional = false
python-versions = ">=3.8"

[package.dependencies]
pycparser = "*"

[[package]]
name = "charset-normalizer"
version = "3.4.0"
description = "The Real First Universal Charset Detector. Open, modern and actively maintained alternative to Chardet."
category = "main"
optional = false
python-versions = ">=3.7.0"

[[package]]
name = "cryptography"
version = "43.0.3"
description = "cryptography is a package which provides cryptographic recipes and primitives to Python developers."
category = "main"
optional = false
python-versions = ">=3.7"

[package.dependencies]
cffi = {version = ">=1.12", markers = "platform_python_implementation != \"PyPy\""}

[package.extras]
ssh = ["bcrypt (>=3.1.5)"]
nox = ["nox"]
test = ["cryptography-vectors (==43.0.3)", "pytest (>=6.2.0)", "pytest-benchmark", "pytest-cov", "pytest-xdist", "pretend", "certifi"]
test-randomorder = ["pytest-randomly"]
docs = ["sphinx (>=5.3.0)", "sphinx-rtd-theme (>=1.1.1)"]
docstest = ["pyenchant (>=1.6.11)", "readme-renderer", "sphinxcontrib-spelling (>=4.0.1)"]
sdist = ["build"]
pep8test = ["ruff", "mypy", "check-sdist", "click"]

[[package]]
name = "defusedxml"
version = "0.7.1"
description = "XML bomb protection for Python stdlib modules"
category = "main"
optional = false
python-versions = ">=2.7, !=3.0.*, !=3.1.*, !=3.2.*, !=3.3.*, !=3.4.*"

[[package]]
name = "django"
version = "5.1.3"
description = "A high-level Python web framework that encourages rapid development and clean, pragmatic design."
category = "main"
optional = false
python-versions = ">=3.10"

[package.dependencies]
asgiref = ">=3.8.1,<4"
sqlparse = ">=0.3.1"
tzdata = {version = "*", markers = "sys_platform == \"win32\""}

[package.extras]
argon2 = ["argon2-cffi (>=19.1.0)"]
bcrypt = ["bcrypt"]

[[package]]
name = "django-allauth"
version = "64.2.1"
description = "Integrated set of Django applications addressing authentication, registration, account management as well as 3rd party (social) account authentication."
category = "main"
optional = false
python-versions = ">=3.8"

[package.dependencies]
Django = ">=4.2"

[package.extras]
mfa = ["qrcode (>=7.0.0)", "fido2 (>=1.1.2)"]
openid = ["python3-openid (>=3.0.8)"]
saml = ["python3-saml (>=1.15.0,<2.0.0)"]
steam = ["python3-openid (>=3.0.8)"]
socialaccount = ["requests-oauthlib (>=0.3.0)", "requests (>=2.0.0)", "pyjwt[crypto] (>=1.7)"]

[[package]]
name = "django-cors-headers"
version = "4.6.0"
description = "django-cors-headers is a Django application for handling the server headers required for Cross-Origin Resource Sharing (CORS)."
category = "main"
optional = false
python-versions = ">=3.9"

[package.dependencies]
asgiref = ">=3.6"
django = ">=4.2"

[[package]]
name = "django-extended-ol"
version = "1.0.0"
description = "An openlayers widget for Django with extended capabilities"
category = "main"
optional = false
python-versions = ">=3.10"

[package.dependencies]
Django = ">=5.0"

[[package]]
name = "django-filter"
version = "24.3"
description = "Django-filter is a reusable Django application for allowing users to filter querysets dynamically."
category = "main"
optional = false
python-versions = ">=3.8"

[package.dependencies]
Django = ">=4.2"

[[package]]
name = "django-health-check"
version = "3.18.3"
description = "Run checks on services like databases, queue servers, celery processes, etc."
category = "main"
optional = false
python-versions = ">=3.8"

[package.dependencies]
django = ">=2.2"

[package.extras]
docs = ["sphinx"]
test = ["pytest", "pytest-cov", "pytest-django", "celery", "redis", "django-storages", "boto3"]

[[package]]
name = "django-money"
version = "3.5.3"
description = "Adds support for using money and currency fields in django models and forms. Uses py-moneyed as the money implementation."
category = "main"
optional = false
python-versions = ">=3.7"

[package.dependencies]
Django = ">=2.2"
py-moneyed = ">=2.0,<3.1"

[package.extras]
exchange = ["certifi"]
test = ["pytest (>=8.2,<8.3)", "pytest-django", "pytest-cov", "mixer", "mypy", "django-stubs"]

[[package]]
name = "djangorestframework"
version = "3.15.2"
description = "Web APIs for Django, made easy."
category = "main"
optional = false
python-versions = ">=3.8"

[package.dependencies]
django = ">=4.2"

[[package]]
name = "djangorestframework-gis"
version = "1.1"
description = "Geographic add-ons for Django Rest Framework"
category = "main"
optional = false
python-versions = "*"

[package.dependencies]
django-filter = ">=23.5,<25.0"
djangorestframework = ">=3.12,<3.16"

[[package]]
name = "djangorestframework-simplejwt"
version = "5.3.1"
description = "A minimal JSON Web Token authentication plugin for Django REST Framework"
category = "main"
optional = false
python-versions = ">=3.8"

[package.dependencies]
django = ">=3.2"
djangorestframework = ">=3.12"
pyjwt = ">=1.7.1,<3"

[package.extras]
test = ["cryptography", "freezegun", "pytest-cov", "pytest-django", "pytest-xdist", "pytest", "tox"]
lint = ["flake8", "pep8", "isort"]
doc = ["Sphinx (>=1.6.5,<2)", "sphinx_rtd_theme (>=0.1.9)"]
dev = ["pytest-watch", "wheel", "twine", "ipython", "cryptography", "freezegun", "pytest-cov", "pytest-django", "pytest-xdist", "pytest", "tox", "flake8", "pep8", "isort", "Sphinx (>=1.6.5,<2)", "sphinx_rtd_theme (>=0.1.9)", "python-jose (==3.3.0)"]
python-jose = ["python-jose (==3.3.0)"]
crypto = ["cryptography (>=3.3.1)"]

[[package]]
name = "drf-spectacular"
version = "0.27.2"
description = "Sane and flexible OpenAPI 3 schema generation for Django REST framework"
category = "main"
optional = false
python-versions = ">=3.7"

[package.dependencies]
Django = ">=2.2"
djangorestframework = ">=3.10.3"
inflection = ">=0.3.1"
jsonschema = ">=2.6.0"
PyYAML = ">=5.1"
uritemplate = ">=2.0.0"

[package.extras]
offline = ["drf-spectacular-sidecar"]
sidecar = ["drf-spectacular-sidecar"]

[[package]]
name = "gunicorn"
version = "23.0.0"
description = "WSGI HTTP Server for UNIX"
category = "main"
optional = false
python-versions = ">=3.7"

[package.dependencies]
packaging = "*"

[package.extras]
eventlet = ["eventlet (>=0.24.1,!=0.36.0)"]
gevent = ["gevent (>=1.4.0)"]
setproctitle = ["setproctitle"]
testing = ["gevent", "eventlet", "coverage", "pytest", "pytest-cov"]
tornado = ["tornado (>=0.2)"]

[[package]]
name = "idna"
version = "3.10"
description = "Internationalized Domain Names in Applications (IDNA)"
category = "main"
optional = false
python-versions = ">=3.6"

[package.extras]
all = ["ruff (>=0.6.2)", "mypy (>=1.11.2)", "pytest (>=8.3.2)", "flake8 (>=7.1.1)"]

[[package]]
name = "inflection"
version = "0.5.1"
description = "A port of Ruby on Rails inflector to Python"
category = "main"
optional = false
python-versions = ">=3.5"

[[package]]
name = "josepy"
version = "1.14.0"
description = "JOSE protocol implementation in Python"
category = "main"
optional = false
python-versions = ">=3.7,<4.0"

[package.dependencies]
cryptography = ">=1.5"
pyopenssl = ">=0.13"

[package.extras]
docs = ["sphinx (>=4.3.0)", "sphinx-rtd-theme (>=1.0)"]

[[package]]
name = "jsonschema"
version = "4.23.0"
description = "An implementation of JSON Schema validation for Python"
category = "main"
optional = false
python-versions = ">=3.8"

[package.dependencies]
attrs = ">=22.2.0"
jsonschema-specifications = ">=2023.03.6"
referencing = ">=0.28.4"
rpds-py = ">=0.7.1"

[package.extras]
format = ["fqdn", "idna", "isoduration", "jsonpointer (>1.13)", "rfc3339-validator", "rfc3987", "uri-template", "webcolors (>=1.11)"]
format-nongpl = ["fqdn", "idna", "isoduration", "jsonpointer (>1.13)", "rfc3339-validator", "rfc3986-validator (>0.1.0)", "uri-template", "webcolors (>=24.6.0)"]

[[package]]
name = "jsonschema-specifications"
version = "2023.12.1"
description = "The JSON Schema meta-schemas and vocabularies, exposed as a Registry"
category = "main"
optional = false
python-versions = ">=3.8"

[package.dependencies]
referencing = ">=0.31.0"

[[package]]
name = "markdown"
version = "3.7"
description = "Python implementation of John Gruber's Markdown."
category = "main"
optional = false
python-versions = ">=3.8"

[package.extras]
docs = ["mkdocs (>=1.5)", "mkdocs-nature (>=0.6)", "mdx-gh-links (>=0.2)", "mkdocstrings", "mkdocs-gen-files", "mkdocs-section-index", "mkdocs-literate-nav"]
testing = ["coverage", "pyyaml"]

[[package]]
name = "mozilla-django-oidc"
version = "4.0.1"
description = "A lightweight authentication and access management library for integration with OpenID Connect enabled authentication services."
category = "main"
optional = false
python-versions = "*"

[package.dependencies]
cryptography = "*"
Django = ">=3.2"
josepy = "*"
requests = "*"

[[package]]
name = "oauthlib"
version = "3.2.2"
description = "A generic, spec-compliant, thorough implementation of the OAuth request-signing logic"
category = "main"
optional = false
python-versions = ">=3.6"

[package.extras]
rsa = ["cryptography (>=3.0.0)"]
signals = ["blinker (>=1.4.0)"]
signedtoken = ["cryptography (>=3.0.0)", "pyjwt (>=2.0.0,<3)"]

[[package]]
name = "packaging"
version = "24.1"
description = "Core utilities for Python packages"
category = "main"
optional = false
python-versions = ">=3.8"

[[package]]
name = "psycopg2-binary"
version = "2.9.10"
description = "psycopg2 - Python-PostgreSQL Database Adapter"
category = "main"
optional = false
python-versions = ">=3.8"

[[package]]
name = "py-moneyed"
version = "3.0"
description = "Provides Currency and Money classes for use in your Python code."
category = "main"
optional = false
python-versions = ">=3.7"

[package.dependencies]
babel = ">=2.8.0"
typing-extensions = ">=3.7.4.3"

[package.extras]
tests = ["pytest (>=2.3.0)", "tox (>=1.6.0)"]
type-tests = ["pytest (>=2.3.0)", "pytest-mypy-plugins", "mypy (>=0.812)"]

[[package]]
name = "pycparser"
version = "2.22"
description = "C parser in Python"
category = "main"
optional = false
python-versions = ">=3.8"

[[package]]
name = "pyjwt"
version = "2.9.0"
description = "JSON Web Token implementation in Python"
category = "main"
optional = false
python-versions = ">=3.8"

[package.extras]
crypto = ["cryptography (>=3.4.0)"]
dev = ["sphinx", "sphinx-rtd-theme", "zope.interface", "cryptography (>=3.4.0)", "pytest (>=6.0.0,<7.0.0)", "coverage[toml] (==5.0.4)", "pre-commit"]
docs = ["sphinx", "sphinx-rtd-theme", "zope.interface"]
tests = ["pytest (>=6.0.0,<7.0.0)", "coverage[toml] (==5.0.4)"]

[[package]]
name = "pyopenssl"
version = "24.2.1"
description = "Python wrapper module around the OpenSSL library"
category = "main"
optional = false
python-versions = ">=3.7"

[package.dependencies]
cryptography = ">=41.0.5,<44"

[package.extras]
docs = ["sphinx (!=5.2.0,!=5.2.0.post0,!=7.2.5)", "sphinx-rtd-theme"]
test = ["pytest-rerunfailures", "pretend", "pytest (>=3.0.1)"]

[[package]]
name = "python-dotenv"
version = "1.0.1"
description = "Read key-value pairs from a .env file and set them as environment variables"
category = "main"
optional = false
python-versions = ">=3.8"

[package.extras]
cli = ["click (>=5.0)"]

[[package]]
name = "python3-openid"
version = "3.2.0"
description = "OpenID support for modern servers and consumers."
category = "main"
optional = false
python-versions = "*"

[package.dependencies]
defusedxml = "*"

[package.extras]
mysql = ["mysql-connector-python"]
postgresql = ["psycopg2"]

[[package]]
name = "pytz"
version = "2024.2"
description = "World timezone definitions, modern and historical"
category = "main"
optional = false
python-versions = "*"

[[package]]
name = "pyyaml"
version = "6.0.2"
description = "YAML parser and emitter for Python"
category = "main"
optional = false
python-versions = ">=3.8"

[[package]]
name = "referencing"
version = "0.35.1"
description = "JSON Referencing + Python"
category = "main"
optional = false
python-versions = ">=3.8"

[package.dependencies]
attrs = ">=22.2.0"
rpds-py = ">=0.7.0"

[[package]]
name = "requests"
version = "2.32.3"
description = "Python HTTP for Humans."
category = "main"
optional = false
python-versions = ">=3.8"

[package.dependencies]
certifi = ">=2017.4.17"
charset-normalizer = ">=2,<4"
idna = ">=2.5,<4"
urllib3 = ">=1.21.1,<3"

[package.extras]
socks = ["PySocks (>=1.5.6,!=1.5.7)"]
use-chardet-on-py3 = ["chardet (>=3.0.2,<6)"]

[[package]]
name = "requests-oauthlib"
version = "2.0.0"
description = "OAuthlib authentication support for Requests."
category = "main"
optional = false
python-versions = ">=3.4"

[package.dependencies]
oauthlib = ">=3.0.0"
requests = ">=2.0.0"

[package.extras]
rsa = ["oauthlib[signedtoken] (>=3.0.0)"]

[[package]]
name = "rpds-py"
version = "0.20.1"
description = "Python bindings to Rust's persistent data structures (rpds)"
category = "main"
optional = false
python-versions = ">=3.8"

[[package]]
name = "sqlparse"
version = "0.5.1"
description = "A non-validating SQL parser."
category = "main"
optional = false
python-versions = ">=3.8"

[package.extras]
dev = ["build", "hatch"]
doc = ["sphinx"]

[[package]]
name = "typing-extensions"
version = "4.12.2"
description = "Backported and Experimental Type Hints for Python 3.8+"
category = "main"
optional = false
python-versions = ">=3.8"

[[package]]
name = "tzdata"
version = "2024.2"
description = "Provider of IANA time zone data"
category = "main"
optional = false
python-versions = ">=2"

[[package]]
name = "unidecode"
version = "1.3.8"
description = "ASCII transliterations of Unicode text"
category = "main"
optional = false
python-versions = ">=3.5"

[[package]]
name = "uritemplate"
version = "4.1.1"
description = "Implementation of RFC 6570 URI Templates"
category = "main"
optional = false
python-versions = ">=3.6"

[[package]]
name = "urllib3"
version = "2.2.3"
description = "HTTP library with thread-safe connection pooling, file post, and more."
category = "main"
optional = false
python-versions = ">=3.8"

[package.extras]
brotli = ["brotli (>=1.0.9)", "brotlicffi (>=0.8.0)"]
h2 = ["h2 (>=4,<5)"]
socks = ["pysocks (>=1.5.6,!=1.5.7,<2.0)"]
zstd = ["zstandard (>=0.18.0)"]

[[package]]
name = "whitenoise"
version = "6.8.2"
description = "Radically simplified static file serving for WSGI applications"
category = "main"
optional = false
python-versions = ">=3.9"

[package.extras]
brotli = ["brotli"]

[metadata]
lock-version = "1.1"
python-versions = "^3.10"
content-hash = "7a5fecea449caa3a961e1fbdb0e33e8d5505c6d7148e5e0aa529589c931d34c1"

[metadata.files]
asgiref = []
attrs = []
authlib = []
babel = []
certifi = []
cffi = []
charset-normalizer = []
cryptography = []
defusedxml = []
django = []
django-allauth = []
django-cors-headers = []
django-extended-ol = []
django-filter = []
django-health-check = []
django-money = []
djangorestframework = []
djangorestframework-gis = []
djangorestframework-simplejwt = []
drf-spectacular = []
gunicorn = []
idna = []
inflection = []
josepy = []
jsonschema = []
jsonschema-specifications = []
markdown = []
mozilla-django-oidc = []
oauthlib = []
packaging = []
psycopg2-binary = []
py-moneyed = []
pycparser = []
pyjwt = []
pyopenssl = []
python-dotenv = []
python3-openid = []
pytz = []
pyyaml = []
referencing = []
requests = []
requests-oauthlib = []
rpds-py = []
sqlparse = []
typing-extensions = []
tzdata = []
unidecode = []
uritemplate = []
urllib3 = []
whitenoise = []
